
Microsoft Visual Studio Solution File, Format Version 12.00
# Visual Studio Version 17
VisualStudioVersion = 17.2.32505.173
MinimumVisualStudioVersion = 10.0.40219.1
Project("{2150E333-8FDC-42A3-9474-1A3956D46DE8}") = "_Solution", "_Solution", "{9B41443D-4D1E-4DF3-9DA5-522B0AAB40A0}"
	ProjectSection(SolutionItems) = preProject
		.editorconfig = .editorconfig
		.filenesting.json = .filenesting.json
		.gitattributes = .gitattributes
		.gitignore = .gitignore
		CONTRIBUTING.md = CONTRIBUTING.md
		LICENSE = LICENSE
		README.md = README.md
		.github\workflows\tests.yml = .github\workflows\tests.yml
		.github\workflows\wpf-beta.yml = .github\workflows\wpf-beta.yml
		.github\workflows\wpf-release.yml = .github\workflows\wpf-release.yml
		download-instructions.txt = download-instructions.txt
	EndProjectSection
EndProject
Project("{2150E333-8FDC-42A3-9474-1A3956D46DE8}") = "Common", "Common", "{E4920CFB-0EED-44B1-AC8D-8F5ECBCB7788}"
EndProject
Project("{2150E333-8FDC-42A3-9474-1A3956D46DE8}") = "Tests", "Tests", "{1D8BF515-81E9-4769-9B27-24DFB8D8BDCC}"
EndProject
Project("{9A19103F-16F7-4668-BE54-9A1E7A4F7556}") = "Sidekick.Mock", "src\Sidekick.Mock\Sidekick.Mock.csproj", "{1C2974D8-B04E-4BF5-8CD8-65A82EE89493}"
EndProject
Project("{9A19103F-16F7-4668-BE54-9A1E7A4F7556}") = "Sidekick.Common.Blazor", "src\Sidekick.Common.Blazor\Sidekick.Common.Blazor.csproj", "{A78010BD-2B6B-4D13-A1A5-F90B1C395C1A}"
EndProject
Project("{9A19103F-16F7-4668-BE54-9A1E7A4F7556}") = "Sidekick.Common", "src\Sidekick.Common\Sidekick.Common.csproj", "{484EAA27-27A0-4B0E-BA43-B5047D697CAE}"
EndProject
Project("{2150E333-8FDC-42A3-9474-1A3956D46DE8}") = "Modules", "Modules", "{BB6816F5-1413-4545-96FA-D31D2D9BF6B1}"
EndProject
Project("{9A19103F-16F7-4668-BE54-9A1E7A4F7556}") = "Sidekick.Common.Platform", "src\Sidekick.Common.Platform\Sidekick.Common.Platform.csproj", "{3A9B57B9-08B5-4CA7-9B24-DAFB2E3438FF}"
EndProject
Project("{2150E333-8FDC-42A3-9474-1A3956D46DE8}") = "Apis", "Apis", "{7285BD58-2544-44AA-8488-52EA8E55D239}"
EndProject
Project("{9A19103F-16F7-4668-BE54-9A1E7A4F7556}") = "Sidekick.Apis.GitHub", "src\Sidekick.Apis.GitHub\Sidekick.Apis.GitHub.csproj", "{99FA103B-2815-413F-AC37-05DDBE3FBF0A}"
EndProject
Project("{9A19103F-16F7-4668-BE54-9A1E7A4F7556}") = "Sidekick.Apis.PoeNinja", "src\Sidekick.Apis.PoeNinja\Sidekick.Apis.PoeNinja.csproj", "{DF327715-65A1-4F16-A016-CE7A87E921E4}"
EndProject
Project("{9A19103F-16F7-4668-BE54-9A1E7A4F7556}") = "Sidekick.Apis.Poe", "src\Sidekick.Apis.Poe\Sidekick.Apis.Poe.csproj", "{D3311A5D-F921-4B5F-9EB1-6AEC5EAD72FF}"
EndProject
Project("{9A19103F-16F7-4668-BE54-9A1E7A4F7556}") = "Sidekick.Apis.PoePriceInfo", "src\Sidekick.Apis.PoePriceInfo\Sidekick.Apis.PoePriceInfo.csproj", "{8A13FFC9-5C43-4565-B24C-2F2F10BF5AA2}"
EndProject
Project("{9A19103F-16F7-4668-BE54-9A1E7A4F7556}") = "Sidekick.Modules.Development", "src\Sidekick.Modules.Development\Sidekick.Modules.Development.csproj", "{10ECD152-C29C-4799-BF16-76CC33DA82F4}"
EndProject
Project("{9A19103F-16F7-4668-BE54-9A1E7A4F7556}") = "Sidekick.Modules.Maps", "src\Sidekick.Modules.Maps\Sidekick.Modules.Maps.csproj", "{642D3141-6336-4424-A4D4-C97498615C3F}"
EndProject
Project("{9A19103F-16F7-4668-BE54-9A1E7A4F7556}") = "Sidekick.Modules.Trade", "src\Sidekick.Modules.Trade\Sidekick.Modules.Trade.csproj", "{AD46F63E-E1AE-4E71-AC6B-B1947AFED1A3}"
EndProject
Project("{9A19103F-16F7-4668-BE54-9A1E7A4F7556}") = "Sidekick.Apis.Poe.Tests", "tests\Sidekick.Apis.Poe.Tests\Sidekick.Apis.Poe.Tests.csproj", "{1AE4A2BC-0990-46AC-B3ED-2CCAEDE45473}"
EndProject
Project("{9A19103F-16F7-4668-BE54-9A1E7A4F7556}") = "Sidekick.Modules.Chat", "src\Sidekick.Modules.Chat\Sidekick.Modules.Chat.csproj", "{31645DEE-C169-4297-80A1-D3FC0B4AC4D0}"
EndProject
Project("{9A19103F-16F7-4668-BE54-9A1E7A4F7556}") = "Sidekick.Modules.General", "src\Sidekick.Modules.General\Sidekick.Modules.General.csproj", "{877B6B69-57F2-4706-B5C1-3973ABFE39ED}"
EndProject
Project("{9A19103F-16F7-4668-BE54-9A1E7A4F7556}") = "Sidekick.Apis.PoeWiki", "src\Sidekick.Apis.PoeWiki\Sidekick.Apis.PoeWiki.csproj", "{4DAA5492-5947-4BDF-8857-67A633F94672}"
EndProject
Project("{9A19103F-16F7-4668-BE54-9A1E7A4F7556}") = "Sidekick.Wpf", "src\Sidekick.Wpf\Sidekick.Wpf.csproj", "{0E8A5165-AFEE-42BB-9C96-EA288F613BDE}"
EndProject
Project("{9A19103F-16F7-4668-BE54-9A1E7A4F7556}") = "Sidekick.Web", "src\Sidekick.Web\Sidekick.Web.csproj", "{9668241B-2FDC-46A6-9440-C4AE4B9AE39B}"
EndProject
Project("{9A19103F-16F7-4668-BE54-9A1E7A4F7556}") = "Sidekick.Modules.Wealth", "src\Sidekick.Modules.Wealth\Sidekick.Modules.Wealth.csproj", "{70B9893F-72F8-4B5F-A9CF-732E538D6C9E}"
EndProject
Project("{9A19103F-16F7-4668-BE54-9A1E7A4F7556}") = "Sidekick.Protocol", "src\Sidekick.Protocol\Sidekick.Protocol.csproj", "{0CA1B097-80C0-4E67-8372-AF2041D7C4CC}"
EndProject
Project("{FAE04EC0-301F-11D3-BF4B-00C04F79EFBC}") = "Sidekick.Common.Database", "src\Sidekick.Common.Database\Sidekick.Common.Database.csproj", "{8C9915FA-EC66-47AA-B449-4833813B0D16}"
EndProject
Project("{FAE04EC0-301F-11D3-BF4B-00C04F79EFBC}") = "Sidekick.Common.Ui", "src\Sidekick.Common.Ui\Sidekick.Common.Ui.csproj", "{F5B003D8-BE39-419A-A02A-4328A4FBDD10}"
EndProject
Global
	GlobalSection(SolutionConfigurationPlatforms) = preSolution
		Debug|Any CPU = Debug|Any CPU
		Release|Any CPU = Release|Any CPU
	EndGlobalSection
	GlobalSection(ProjectConfigurationPlatforms) = postSolution
		{1C2974D8-B04E-4BF5-8CD8-65A82EE89493}.Debug|Any CPU.ActiveCfg = Debug|Any CPU
		{1C2974D8-B04E-4BF5-8CD8-65A82EE89493}.Debug|Any CPU.Build.0 = Debug|Any CPU
		{1C2974D8-B04E-4BF5-8CD8-65A82EE89493}.Release|Any CPU.ActiveCfg = Release|Any CPU
		{1C2974D8-B04E-4BF5-8CD8-65A82EE89493}.Release|Any CPU.Build.0 = Release|Any CPU
		{A78010BD-2B6B-4D13-A1A5-F90B1C395C1A}.Debug|Any CPU.ActiveCfg = Debug|Any CPU
		{A78010BD-2B6B-4D13-A1A5-F90B1C395C1A}.Debug|Any CPU.Build.0 = Debug|Any CPU
		{A78010BD-2B6B-4D13-A1A5-F90B1C395C1A}.Release|Any CPU.ActiveCfg = Release|Any CPU
		{A78010BD-2B6B-4D13-A1A5-F90B1C395C1A}.Release|Any CPU.Build.0 = Release|Any CPU
		{484EAA27-27A0-4B0E-BA43-B5047D697CAE}.Debug|Any CPU.ActiveCfg = Debug|Any CPU
		{484EAA27-27A0-4B0E-BA43-B5047D697CAE}.Debug|Any CPU.Build.0 = Debug|Any CPU
		{484EAA27-27A0-4B0E-BA43-B5047D697CAE}.Release|Any CPU.ActiveCfg = Release|Any CPU
		{484EAA27-27A0-4B0E-BA43-B5047D697CAE}.Release|Any CPU.Build.0 = Release|Any CPU
		{3A9B57B9-08B5-4CA7-9B24-DAFB2E3438FF}.Debug|Any CPU.ActiveCfg = Debug|Any CPU
		{3A9B57B9-08B5-4CA7-9B24-DAFB2E3438FF}.Debug|Any CPU.Build.0 = Debug|Any CPU
		{3A9B57B9-08B5-4CA7-9B24-DAFB2E3438FF}.Release|Any CPU.ActiveCfg = Release|Any CPU
		{3A9B57B9-08B5-4CA7-9B24-DAFB2E3438FF}.Release|Any CPU.Build.0 = Release|Any CPU
		{99FA103B-2815-413F-AC37-05DDBE3FBF0A}.Debug|Any CPU.ActiveCfg = Debug|Any CPU
		{99FA103B-2815-413F-AC37-05DDBE3FBF0A}.Debug|Any CPU.Build.0 = Debug|Any CPU
		{99FA103B-2815-413F-AC37-05DDBE3FBF0A}.Release|Any CPU.ActiveCfg = Release|Any CPU
		{99FA103B-2815-413F-AC37-05DDBE3FBF0A}.Release|Any CPU.Build.0 = Release|Any CPU
		{DF327715-65A1-4F16-A016-CE7A87E921E4}.Debug|Any CPU.ActiveCfg = Debug|Any CPU
		{DF327715-65A1-4F16-A016-CE7A87E921E4}.Debug|Any CPU.Build.0 = Debug|Any CPU
		{DF327715-65A1-4F16-A016-CE7A87E921E4}.Release|Any CPU.ActiveCfg = Release|Any CPU
		{DF327715-65A1-4F16-A016-CE7A87E921E4}.Release|Any CPU.Build.0 = Release|Any CPU
		{D3311A5D-F921-4B5F-9EB1-6AEC5EAD72FF}.Debug|Any CPU.ActiveCfg = Debug|Any CPU
		{D3311A5D-F921-4B5F-9EB1-6AEC5EAD72FF}.Debug|Any CPU.Build.0 = Debug|Any CPU
		{D3311A5D-F921-4B5F-9EB1-6AEC5EAD72FF}.Release|Any CPU.ActiveCfg = Release|Any CPU
		{D3311A5D-F921-4B5F-9EB1-6AEC5EAD72FF}.Release|Any CPU.Build.0 = Release|Any CPU
		{8A13FFC9-5C43-4565-B24C-2F2F10BF5AA2}.Debug|Any CPU.ActiveCfg = Debug|Any CPU
		{8A13FFC9-5C43-4565-B24C-2F2F10BF5AA2}.Debug|Any CPU.Build.0 = Debug|Any CPU
		{8A13FFC9-5C43-4565-B24C-2F2F10BF5AA2}.Release|Any CPU.ActiveCfg = Release|Any CPU
		{8A13FFC9-5C43-4565-B24C-2F2F10BF5AA2}.Release|Any CPU.Build.0 = Release|Any CPU
		{10ECD152-C29C-4799-BF16-76CC33DA82F4}.Debug|Any CPU.ActiveCfg = Debug|Any CPU
		{10ECD152-C29C-4799-BF16-76CC33DA82F4}.Debug|Any CPU.Build.0 = Debug|Any CPU
		{10ECD152-C29C-4799-BF16-76CC33DA82F4}.Release|Any CPU.ActiveCfg = Release|Any CPU
		{10ECD152-C29C-4799-BF16-76CC33DA82F4}.Release|Any CPU.Build.0 = Release|Any CPU
		{642D3141-6336-4424-A4D4-C97498615C3F}.Debug|Any CPU.ActiveCfg = Debug|Any CPU
		{642D3141-6336-4424-A4D4-C97498615C3F}.Debug|Any CPU.Build.0 = Debug|Any CPU
		{642D3141-6336-4424-A4D4-C97498615C3F}.Release|Any CPU.ActiveCfg = Release|Any CPU
		{642D3141-6336-4424-A4D4-C97498615C3F}.Release|Any CPU.Build.0 = Release|Any CPU
		{AD46F63E-E1AE-4E71-AC6B-B1947AFED1A3}.Debug|Any CPU.ActiveCfg = Debug|Any CPU
		{AD46F63E-E1AE-4E71-AC6B-B1947AFED1A3}.Debug|Any CPU.Build.0 = Debug|Any CPU
		{AD46F63E-E1AE-4E71-AC6B-B1947AFED1A3}.Release|Any CPU.ActiveCfg = Release|Any CPU
		{AD46F63E-E1AE-4E71-AC6B-B1947AFED1A3}.Release|Any CPU.Build.0 = Release|Any CPU
		{1AE4A2BC-0990-46AC-B3ED-2CCAEDE45473}.Debug|Any CPU.ActiveCfg = Debug|Any CPU
		{1AE4A2BC-0990-46AC-B3ED-2CCAEDE45473}.Debug|Any CPU.Build.0 = Debug|Any CPU
		{1AE4A2BC-0990-46AC-B3ED-2CCAEDE45473}.Release|Any CPU.ActiveCfg = Release|Any CPU
		{1AE4A2BC-0990-46AC-B3ED-2CCAEDE45473}.Release|Any CPU.Build.0 = Release|Any CPU
		{31645DEE-C169-4297-80A1-D3FC0B4AC4D0}.Debug|Any CPU.ActiveCfg = Debug|Any CPU
		{31645DEE-C169-4297-80A1-D3FC0B4AC4D0}.Debug|Any CPU.Build.0 = Debug|Any CPU
		{31645DEE-C169-4297-80A1-D3FC0B4AC4D0}.Release|Any CPU.ActiveCfg = Release|Any CPU
		{31645DEE-C169-4297-80A1-D3FC0B4AC4D0}.Release|Any CPU.Build.0 = Release|Any CPU
		{877B6B69-57F2-4706-B5C1-3973ABFE39ED}.Debug|Any CPU.ActiveCfg = Debug|Any CPU
		{877B6B69-57F2-4706-B5C1-3973ABFE39ED}.Debug|Any CPU.Build.0 = Debug|Any CPU
		{877B6B69-57F2-4706-B5C1-3973ABFE39ED}.Release|Any CPU.ActiveCfg = Release|Any CPU
		{877B6B69-57F2-4706-B5C1-3973ABFE39ED}.Release|Any CPU.Build.0 = Release|Any CPU
		{4DAA5492-5947-4BDF-8857-67A633F94672}.Debug|Any CPU.ActiveCfg = Debug|Any CPU
		{4DAA5492-5947-4BDF-8857-67A633F94672}.Debug|Any CPU.Build.0 = Debug|Any CPU
		{4DAA5492-5947-4BDF-8857-67A633F94672}.Release|Any CPU.ActiveCfg = Release|Any CPU
		{4DAA5492-5947-4BDF-8857-67A633F94672}.Release|Any CPU.Build.0 = Release|Any CPU
		{0E8A5165-AFEE-42BB-9C96-EA288F613BDE}.Debug|Any CPU.ActiveCfg = Debug|Any CPU
		{0E8A5165-AFEE-42BB-9C96-EA288F613BDE}.Debug|Any CPU.Build.0 = Debug|Any CPU
		{0E8A5165-AFEE-42BB-9C96-EA288F613BDE}.Release|Any CPU.ActiveCfg = Release|Any CPU
		{0E8A5165-AFEE-42BB-9C96-EA288F613BDE}.Release|Any CPU.Build.0 = Release|Any CPU
		{9668241B-2FDC-46A6-9440-C4AE4B9AE39B}.Debug|Any CPU.ActiveCfg = Debug|Any CPU
		{9668241B-2FDC-46A6-9440-C4AE4B9AE39B}.Debug|Any CPU.Build.0 = Debug|Any CPU
		{9668241B-2FDC-46A6-9440-C4AE4B9AE39B}.Release|Any CPU.ActiveCfg = Release|Any CPU
		{9668241B-2FDC-46A6-9440-C4AE4B9AE39B}.Release|Any CPU.Build.0 = Release|Any CPU
		{70B9893F-72F8-4B5F-A9CF-732E538D6C9E}.Debug|Any CPU.ActiveCfg = Debug|Any CPU
		{70B9893F-72F8-4B5F-A9CF-732E538D6C9E}.Debug|Any CPU.Build.0 = Debug|Any CPU
		{70B9893F-72F8-4B5F-A9CF-732E538D6C9E}.Release|Any CPU.ActiveCfg = Release|Any CPU
		{70B9893F-72F8-4B5F-A9CF-732E538D6C9E}.Release|Any CPU.Build.0 = Release|Any CPU
		{0CA1B097-80C0-4E67-8372-AF2041D7C4CC}.Debug|Any CPU.ActiveCfg = Debug|Any CPU
		{0CA1B097-80C0-4E67-8372-AF2041D7C4CC}.Debug|Any CPU.Build.0 = Debug|Any CPU
		{0CA1B097-80C0-4E67-8372-AF2041D7C4CC}.Release|Any CPU.ActiveCfg = Release|Any CPU
		{0CA1B097-80C0-4E67-8372-AF2041D7C4CC}.Release|Any CPU.Build.0 = Release|Any CPU
		{8C9915FA-EC66-47AA-B449-4833813B0D16}.Debug|Any CPU.ActiveCfg = Debug|Any CPU
		{8C9915FA-EC66-47AA-B449-4833813B0D16}.Debug|Any CPU.Build.0 = Debug|Any CPU
		{8C9915FA-EC66-47AA-B449-4833813B0D16}.Release|Any CPU.ActiveCfg = Release|Any CPU
		{8C9915FA-EC66-47AA-B449-4833813B0D16}.Release|Any CPU.Build.0 = Release|Any CPU
		{F5B003D8-BE39-419A-A02A-4328A4FBDD10}.Debug|Any CPU.ActiveCfg = Debug|Any CPU
		{F5B003D8-BE39-419A-A02A-4328A4FBDD10}.Debug|Any CPU.Build.0 = Debug|Any CPU
		{F5B003D8-BE39-419A-A02A-4328A4FBDD10}.Release|Any CPU.ActiveCfg = Release|Any CPU
		{F5B003D8-BE39-419A-A02A-4328A4FBDD10}.Release|Any CPU.Build.0 = Release|Any CPU
	EndGlobalSection
	GlobalSection(SolutionProperties) = preSolution
		HideSolutionNode = FALSE
	EndGlobalSection
	GlobalSection(NestedProjects) = preSolution
		{1C2974D8-B04E-4BF5-8CD8-65A82EE89493} = {1D8BF515-81E9-4769-9B27-24DFB8D8BDCC}
		{A78010BD-2B6B-4D13-A1A5-F90B1C395C1A} = {E4920CFB-0EED-44B1-AC8D-8F5ECBCB7788}
		{484EAA27-27A0-4B0E-BA43-B5047D697CAE} = {E4920CFB-0EED-44B1-AC8D-8F5ECBCB7788}
		{3A9B57B9-08B5-4CA7-9B24-DAFB2E3438FF} = {E4920CFB-0EED-44B1-AC8D-8F5ECBCB7788}
		{99FA103B-2815-413F-AC37-05DDBE3FBF0A} = {7285BD58-2544-44AA-8488-52EA8E55D239}
		{DF327715-65A1-4F16-A016-CE7A87E921E4} = {7285BD58-2544-44AA-8488-52EA8E55D239}
		{D3311A5D-F921-4B5F-9EB1-6AEC5EAD72FF} = {7285BD58-2544-44AA-8488-52EA8E55D239}
		{8A13FFC9-5C43-4565-B24C-2F2F10BF5AA2} = {7285BD58-2544-44AA-8488-52EA8E55D239}
		{10ECD152-C29C-4799-BF16-76CC33DA82F4} = {BB6816F5-1413-4545-96FA-D31D2D9BF6B1}
		{642D3141-6336-4424-A4D4-C97498615C3F} = {BB6816F5-1413-4545-96FA-D31D2D9BF6B1}
		{AD46F63E-E1AE-4E71-AC6B-B1947AFED1A3} = {BB6816F5-1413-4545-96FA-D31D2D9BF6B1}
		{1AE4A2BC-0990-46AC-B3ED-2CCAEDE45473} = {1D8BF515-81E9-4769-9B27-24DFB8D8BDCC}
		{31645DEE-C169-4297-80A1-D3FC0B4AC4D0} = {BB6816F5-1413-4545-96FA-D31D2D9BF6B1}
		{877B6B69-57F2-4706-B5C1-3973ABFE39ED} = {BB6816F5-1413-4545-96FA-D31D2D9BF6B1}
		{4DAA5492-5947-4BDF-8857-67A633F94672} = {7285BD58-2544-44AA-8488-52EA8E55D239}
		{70B9893F-72F8-4B5F-A9CF-732E538D6C9E} = {BB6816F5-1413-4545-96FA-D31D2D9BF6B1}
		{8C9915FA-EC66-47AA-B449-4833813B0D16} = {E4920CFB-0EED-44B1-AC8D-8F5ECBCB7788}
		{F5B003D8-BE39-419A-A02A-4328A4FBDD10} = {E4920CFB-0EED-44B1-AC8D-8F5ECBCB7788}
	EndGlobalSection
	GlobalSection(ExtensibilityGlobals) = postSolution
		SolutionGuid = {17B5631D-95B3-4007-BE6B-C9BBE799D014}
	EndGlobalSection
EndGlobal
